
Microsoft Visual Studio Solution File, Format Version 12.00
# Visual Studio 2012
Project("{FAE04EC0-301F-11D3-BF4B-00C04F79EFBC}") = "CrimeData", "CrimeData\CrimeData.csproj", "{91A25087-7BBB-4CFB-BA2B-BED3946DAB1C}"
EndProject
Global
	GlobalSection(SolutionConfigurationPlatforms) = preSolution
		Debug|Any CPU = Debug|Any CPU
		Release|Any CPU = Release|Any CPU
	EndGlobalSection
	GlobalSection(ProjectConfigurationPlatforms) = postSolution
		{91A25087-7BBB-4CFB-BA2B-BED3946DAB1C}.Debug|Any CPU.ActiveCfg = Debug|Any CPU
		{91A25087-7BBB-4CFB-BA2B-BED3946DAB1C}.Debug|Any CPU.Build.0 = Debug|Any CPU
		{91A25087-7BBB-4CFB-BA2B-BED3946DAB1C}.Release|Any CPU.ActiveCfg = Release|Any CPU
		{91A25087-7BBB-4CFB-BA2B-BED3946DAB1C}.Release|Any CPU.Build.0 = Release|Any CPU
	EndGlobalSection
EndGlobal
